
Microsoft Visual Studio Solution File, Format Version 12.00
# Visual Studio Version 16
VisualStudioVersion = 16.0.31624.102
MinimumVisualStudioVersion = 10.0.40219.1
Project("{FAE04EC0-301F-11D3-BF4B-00C04F79EFBC}") = "Xadrez-Console", "Xadrez-Console\Xadrez-Console.csproj", "{27CDF218-5B3F-4179-BBF7-5795096424EF}"
EndProject
Global
	GlobalSection(SolutionConfigurationPlatforms) = preSolution
		Debug|Any CPU = Debug|Any CPU
		Release|Any CPU = Release|Any CPU
	EndGlobalSection
	GlobalSection(ProjectConfigurationPlatforms) = postSolution
		{27CDF218-5B3F-4179-BBF7-5795096424EF}.Debug|Any CPU.ActiveCfg = Debug|Any CPU
		{27CDF218-5B3F-4179-BBF7-5795096424EF}.Debug|Any CPU.Build.0 = Debug|Any CPU
		{27CDF218-5B3F-4179-BBF7-5795096424EF}.Release|Any CPU.ActiveCfg = Release|Any CPU
		{27CDF218-5B3F-4179-BBF7-5795096424EF}.Release|Any CPU.Build.0 = Release|Any CPU
	EndGlobalSection
	GlobalSection(SolutionProperties) = preSolution
		HideSolutionNode = FALSE
	EndGlobalSection
	GlobalSection(ExtensibilityGlobals) = postSolution
		SolutionGuid = {DF12CAB6-DE1C-4CBF-AA30-AEDC9C068682}
	EndGlobalSection
EndGlobal
